// !$*UTF8*$!
{
	archiveVersion = 1;
	classes = {
	};
	objectVersion = 56;
	objects = {

/* Begin PBXBuildFile section */
		F4574F8E2D0B8EAB007F010F /* GoogleService-Info.plist in Resources */ = {isa = PBXBuildFile; fileRef = F4574F8D2D0B8EAA007F010F /* GoogleService-Info.plist */; };
		F4574F912D0BD5BA007F010F /* FirebaseAnalytics in Frameworks */ = {isa = PBXBuildFile; productRef = F4574F902D0BD5BA007F010F /* FirebaseAnalytics */; };
		F4574F932D0BD5BA007F010F /* FirebaseAnalyticsOnDeviceConversion in Frameworks */ = {isa = PBXBuildFile; productRef = F4574F922D0BD5BA007F010F /* FirebaseAnalyticsOnDeviceConversion */; };
		F4574F952D0BD5BA007F010F /* FirebaseAnalyticsWithoutAdIdSupport in Frameworks */ = {isa = PBXBuildFile; productRef = F4574F942D0BD5BA007F010F /* FirebaseAnalyticsWithoutAdIdSupport */; };
		F4574F972D0BD5BA007F010F /* FirebaseAppCheck in Frameworks */ = {isa = PBXBuildFile; productRef = F4574F962D0BD5BA007F010F /* FirebaseAppCheck */; };
		F4574F992D0BD5BA007F010F /* FirebaseAppDistribution-Beta in Frameworks */ = {isa = PBXBuildFile; productRef = F4574F982D0BD5BA007F010F /* FirebaseAppDistribution-Beta */; };
		F49390182CF0FFD300D963EB /* AppDelegate.swift in Sources */ = {isa = PBXBuildFile; fileRef = F49390172CF0FFD300D963EB /* AppDelegate.swift */; };
		F493901A2CF0FFD300D963EB /* SceneDelegate.swift in Sources */ = {isa = PBXBuildFile; fileRef = F49390192CF0FFD300D963EB /* SceneDelegate.swift */; };
		F493901C2CF0FFD300D963EB /* ViewController.swift in Sources */ = {isa = PBXBuildFile; fileRef = F493901B2CF0FFD300D963EB /* ViewController.swift */; };
		F493901F2CF0FFD300D963EB /* Main.storyboard in Resources */ = {isa = PBXBuildFile; fileRef = F493901D2CF0FFD300D963EB /* Main.storyboard */; };
		F49390212CF0FFD700D963EB /* Assets.xcassets in Resources */ = {isa = PBXBuildFile; fileRef = F49390202CF0FFD700D963EB /* Assets.xcassets */; };
		F49390242CF0FFD700D963EB /* LaunchScreen.storyboard in Resources */ = {isa = PBXBuildFile; fileRef = F49390222CF0FFD700D963EB /* LaunchScreen.storyboard */; };
		F493902C2CF1076D00D963EB /* LaunchViewController.swift in Sources */ = {isa = PBXBuildFile; fileRef = F493902B2CF1076D00D963EB /* LaunchViewController.swift */; };
		F4EB75942D0C95E10080CA9E /* DashboardViewController.swift in Sources */ = {isa = PBXBuildFile; fileRef = F4EB75932D0C95E10080CA9E /* DashboardViewController.swift */; };
/* End PBXBuildFile section */

/* Begin PBXFileReference section */
		F4574F8D2D0B8EAA007F010F /* GoogleService-Info.plist */ = {isa = PBXFileReference; fileEncoding = 4; lastKnownFileType = text.plist.xml; path = "GoogleService-Info.plist"; sourceTree = "<group>"; };
		F49390142CF0FFD300D963EB /* HeartGauge.app */ = {isa = PBXFileReference; explicitFileType = wrapper.application; includeInIndex = 0; path = HeartGauge.app; sourceTree = BUILT_PRODUCTS_DIR; };
		F49390172CF0FFD300D963EB /* AppDelegate.swift */ = {isa = PBXFileReference; lastKnownFileType = sourcecode.swift; path = AppDelegate.swift; sourceTree = "<group>"; };
		F49390192CF0FFD300D963EB /* SceneDelegate.swift */ = {isa = PBXFileReference; lastKnownFileType = sourcecode.swift; path = SceneDelegate.swift; sourceTree = "<group>"; };
		F493901B2CF0FFD300D963EB /* ViewController.swift */ = {isa = PBXFileReference; lastKnownFileType = sourcecode.swift; path = ViewController.swift; sourceTree = "<group>"; };
		F493901E2CF0FFD300D963EB /* Base */ = {isa = PBXFileReference; lastKnownFileType = file.storyboard; name = Base; path = Base.lproj/Main.storyboard; sourceTree = "<group>"; };
		F49390202CF0FFD700D963EB /* Assets.xcassets */ = {isa = PBXFileReference; lastKnownFileType = folder.assetcatalog; path = Assets.xcassets; sourceTree = "<group>"; };
		F49390232CF0FFD700D963EB /* Base */ = {isa = PBXFileReference; lastKnownFileType = file.storyboard; name = Base; path = Base.lproj/LaunchScreen.storyboard; sourceTree = "<group>"; };
		F49390252CF0FFD700D963EB /* Info.plist */ = {isa = PBXFileReference; lastKnownFileType = text.plist.xml; path = Info.plist; sourceTree = "<group>"; };
		F493902B2CF1076D00D963EB /* LaunchViewController.swift */ = {isa = PBXFileReference; lastKnownFileType = sourcecode.swift; path = LaunchViewController.swift; sourceTree = "<group>"; };
		F4EB75932D0C95E10080CA9E /* DashboardViewController.swift */ = {isa = PBXFileReference; lastKnownFileType = sourcecode.swift; path = DashboardViewController.swift; sourceTree = "<group>"; };
/* End PBXFileReference section */

/* Begin PBXFrameworksBuildPhase section */
		F49390112CF0FFD300D963EB /* Frameworks */ = {
			isa = PBXFrameworksBuildPhase;
			buildActionMask = 2147483647;
			files = (
				F4574F972D0BD5BA007F010F /* FirebaseAppCheck in Frameworks */,
				F4574F912D0BD5BA007F010F /* FirebaseAnalytics in Frameworks */,
				F4574F992D0BD5BA007F010F /* FirebaseAppDistribution-Beta in Frameworks */,
				F4574F952D0BD5BA007F010F /* FirebaseAnalyticsWithoutAdIdSupport in Frameworks */,
				F4574F932D0BD5BA007F010F /* FirebaseAnalyticsOnDeviceConversion in Frameworks */,
			);
			runOnlyForDeploymentPostprocessing = 0;
		};
/* End PBXFrameworksBuildPhase section */

/* Begin PBXGroup section */
		F493900B2CF0FFD300D963EB = {
			isa = PBXGroup;
			children = (
				F49390162CF0FFD300D963EB /* HeartGauge */,
				F49390152CF0FFD300D963EB /* Products */,
			);
			sourceTree = "<group>";
		};
		F49390152CF0FFD300D963EB /* Products */ = {
			isa = PBXGroup;
			children = (
				F49390142CF0FFD300D963EB /* HeartGauge.app */,
			);
			name = Products;
			sourceTree = "<group>";
		};
		F49390162CF0FFD300D963EB /* HeartGauge */ = {
			isa = PBXGroup;
			children = (
				F49390172CF0FFD300D963EB /* AppDelegate.swift */,
				F49390192CF0FFD300D963EB /* SceneDelegate.swift */,
				F493901B2CF0FFD300D963EB /* ViewController.swift */,
				F493901D2CF0FFD300D963EB /* Main.storyboard */,
				F4EB75932D0C95E10080CA9E /* DashboardViewController.swift */,
				F49390202CF0FFD700D963EB /* Assets.xcassets */,
				F4574F8D2D0B8EAA007F010F /* GoogleService-Info.plist */,
				F49390222CF0FFD700D963EB /* LaunchScreen.storyboard */,
				F493902B2CF1076D00D963EB /* LaunchViewController.swift */,
				F49390252CF0FFD700D963EB /* Info.plist */,
			);
			path = HeartGauge;
			sourceTree = "<group>";
		};
/* End PBXGroup section */

/* Begin PBXNativeTarget section */
		F49390132CF0FFD300D963EB /* HeartGauge */ = {
			isa = PBXNativeTarget;
			buildConfigurationList = F49390282CF0FFD700D963EB /* Build configuration list for PBXNativeTarget "HeartGauge" */;
			buildPhases = (
				F49390102CF0FFD300D963EB /* Sources */,
				F49390112CF0FFD300D963EB /* Frameworks */,
				F49390122CF0FFD300D963EB /* Resources */,
			);
			buildRules = (
			);
			dependencies = (
			);
			name = HeartGauge;
			packageProductDependencies = (
				F4574F902D0BD5BA007F010F /* FirebaseAnalytics */,
				F4574F922D0BD5BA007F010F /* FirebaseAnalyticsOnDeviceConversion */,
				F4574F942D0BD5BA007F010F /* FirebaseAnalyticsWithoutAdIdSupport */,
				F4574F962D0BD5BA007F010F /* FirebaseAppCheck */,
				F4574F982D0BD5BA007F010F /* FirebaseAppDistribution-Beta */,
			);
			productName = HeartGauge;
			productReference = F49390142CF0FFD300D963EB /* HeartGauge.app */;
			productType = "com.apple.product-type.application";
		};
/* End PBXNativeTarget section */

/* Begin PBXProject section */
		F493900C2CF0FFD300D963EB /* Project object */ = {
			isa = PBXProject;
			attributes = {
				BuildIndependentTargetsInParallel = 1;
				LastSwiftUpdateCheck = 1500;
				LastUpgradeCheck = 1500;
				TargetAttributes = {
					F49390132CF0FFD300D963EB = {
						CreatedOnToolsVersion = 15.0;
					};
				};
			};
			buildConfigurationList = F493900F2CF0FFD300D963EB /* Build configuration list for PBXProject "HeartGauge" */;
			compatibilityVersion = "Xcode 14.0";
			developmentRegion = en;
			hasScannedForEncodings = 0;
			knownRegions = (
				en,
				Base,
			);
			mainGroup = F493900B2CF0FFD300D963EB;
			packageReferences = (
				F4574F8F2D0BD5BA007F010F /* XCRemoteSwiftPackageReference "firebase-ios-sdk" */,
			);
			productRefGroup = F49390152CF0FFD300D963EB /* Products */;
			projectDirPath = "";
			projectRoot = "";
			targets = (
				F49390132CF0FFD300D963EB /* HeartGauge */,
			);
		};
/* End PBXProject section */

/* Begin PBXResourcesBuildPhase section */
		F49390122CF0FFD300D963EB /* Resources */ = {
			isa = PBXResourcesBuildPhase;
			buildActionMask = 2147483647;
			files = (
				F49390242CF0FFD700D963EB /* LaunchScreen.storyboard in Resources */,
				F4574F8E2D0B8EAB007F010F /* GoogleService-Info.plist in Resources */,
				F49390212CF0FFD700D963EB /* Assets.xcassets in Resources */,
				F493901F2CF0FFD300D963EB /* Main.storyboard in Resources */,
			);
			runOnlyForDeploymentPostprocessing = 0;
		};
/* End PBXResourcesBuildPhase section */

/* Begin PBXSourcesBuildPhase section */
		F49390102CF0FFD300D963EB /* Sources */ = {
			isa = PBXSourcesBuildPhase;
			buildActionMask = 2147483647;
			files = (
				F493901C2CF0FFD300D963EB /* ViewController.swift in Sources */,
				F49390182CF0FFD300D963EB /* AppDelegate.swift in Sources */,
				F4EB75942D0C95E10080CA9E /* DashboardViewController.swift in Sources */,
				F493901A2CF0FFD300D963EB /* SceneDelegate.swift in Sources */,
				F493902C2CF1076D00D963EB /* LaunchViewController.swift in Sources */,
			);
			runOnlyForDeploymentPostprocessing = 0;
		};
/* End PBXSourcesBuildPhase section */

/* Begin PBXVariantGroup section */
		F493901D2CF0FFD300D963EB /* Main.storyboard */ = {
			isa = PBXVariantGroup;
			children = (
				F493901E2CF0FFD300D963EB /* Base */,
			);
			name = Main.storyboard;
			sourceTree = "<group>";
		};
		F49390222CF0FFD700D963EB /* LaunchScreen.storyboard */ = {
			isa = PBXVariantGroup;
			children = (
				F49390232CF0FFD700D963EB /* Base */,
			);
			name = LaunchScreen.storyboard;
			sourceTree = "<group>";
		};
/* End PBXVariantGroup section */

/* Begin XCBuildConfiguration section */
		F49390262CF0FFD700D963EB /* Debug */ = {
			isa = XCBuildConfiguration;
			buildSettings = {
				ALWAYS_SEARCH_USER_PATHS = NO;
				ASSETCATALOG_COMPILER_GENERATE_SWIFT_ASSET_SYMBOL_EXTENSIONS = YES;
				CLANG_ANALYZER_NONNULL = YES;
				CLANG_ANALYZER_NUMBER_OBJECT_CONVERSION = YES_AGGRESSIVE;
				CLANG_CXX_LANGUAGE_STANDARD = "gnu++20";
				CLANG_ENABLE_MODULES = YES;
				CLANG_ENABLE_OBJC_ARC = YES;
				CLANG_ENABLE_OBJC_WEAK = YES;
				CLANG_WARN_BLOCK_CAPTURE_AUTORELEASING = YES;
				CLANG_WARN_BOOL_CONVERSION = YES;
				CLANG_WARN_COMMA = YES;
				CLANG_WARN_CONSTANT_CONVERSION = YES;
				CLANG_WARN_DEPRECATED_OBJC_IMPLEMENTATIONS = YES;
				CLANG_WARN_DIRECT_OBJC_ISA_USAGE = YES_ERROR;
				CLANG_WARN_DOCUMENTATION_COMMENTS = YES;
				CLANG_WARN_EMPTY_BODY = YES;
				CLANG_WARN_ENUM_CONVERSION = YES;
				CLANG_WARN_INFINITE_RECURSION = YES;
				CLANG_WARN_INT_CONVERSION = YES;
				CLANG_WARN_NON_LITERAL_NULL_CONVERSION = YES;
				CLANG_WARN_OBJC_IMPLICIT_RETAIN_SELF = YES;
				CLANG_WARN_OBJC_LITERAL_CONVERSION = YES;
				CLANG_WARN_OBJC_ROOT_CLASS = YES_ERROR;
				CLANG_WARN_QUOTED_INCLUDE_IN_FRAMEWORK_HEADER = YES;
				CLANG_WARN_RANGE_LOOP_ANALYSIS = YES;
				CLANG_WARN_STRICT_PROTOTYPES = YES;
				CLANG_WARN_SUSPICIOUS_MOVE = YES;
				CLANG_WARN_UNGUARDED_AVAILABILITY = YES_AGGRESSIVE;
				CLANG_WARN_UNREACHABLE_CODE = YES;
				CLANG_WARN__DUPLICATE_METHOD_MATCH = YES;
				COPY_PHASE_STRIP = NO;
				DEBUG_INFORMATION_FORMAT = dwarf;
				ENABLE_STRICT_OBJC_MSGSEND = YES;
				ENABLE_TESTABILITY = YES;
				ENABLE_USER_SCRIPT_SANDBOXING = YES;
				GCC_C_LANGUAGE_STANDARD = gnu17;
				GCC_DYNAMIC_NO_PIC = NO;
				GCC_NO_COMMON_BLOCKS = YES;
				GCC_OPTIMIZATION_LEVEL = 0;
				GCC_PREPROCESSOR_DEFINITIONS = (
					"DEBUG=1",
					"$(inherited)",
				);
				GCC_WARN_64_TO_32_BIT_CONVERSION = YES;
				GCC_WARN_ABOUT_RETURN_TYPE = YES_ERROR;
				GCC_WARN_UNDECLARED_SELECTOR = YES;
				GCC_WARN_UNINITIALIZED_AUTOS = YES_AGGRESSIVE;
				GCC_WARN_UNUSED_FUNCTION = YES;
				GCC_WARN_UNUSED_VARIABLE = YES;
				IPHONEOS_DEPLOYMENT_TARGET = 17.0;
				LOCALIZATION_PREFERS_STRING_CATALOGS = YES;
				MTL_ENABLE_DEBUG_INFO = INCLUDE_SOURCE;
				MTL_FAST_MATH = YES;
				ONLY_ACTIVE_ARCH = YES;
				SDKROOT = iphoneos;
				SWIFT_ACTIVE_COMPILATION_CONDITIONS = "DEBUG $(inherited)";
				SWIFT_OPTIMIZATION_LEVEL = "-Onone";
			};
			name = Debug;
		};
		F49390272CF0FFD700D963EB /* Release */ = {
			isa = XCBuildConfiguration;
			buildSettings = {
				ALWAYS_SEARCH_USER_PATHS = NO;
				ASSETCATALOG_COMPILER_GENERATE_SWIFT_ASSET_SYMBOL_EXTENSIONS = YES;
				CLANG_ANALYZER_NONNULL = YES;
				CLANG_ANALYZER_NUMBER_OBJECT_CONVERSION = YES_AGGRESSIVE;
				CLANG_CXX_LANGUAGE_STANDARD = "gnu++20";
				CLANG_ENABLE_MODULES = YES;
				CLANG_ENABLE_OBJC_ARC = YES;
				CLANG_ENABLE_OBJC_WEAK = YES;
				CLANG_WARN_BLOCK_CAPTURE_AUTORELEASING = YES;
				CLANG_WARN_BOOL_CONVERSION = YES;
				CLANG_WARN_COMMA = YES;
				CLANG_WARN_CONSTANT_CONVERSION = YES;
				CLANG_WARN_DEPRECATED_OBJC_IMPLEMENTATIONS = YES;
				CLANG_WARN_DIRECT_OBJC_ISA_USAGE = YES_ERROR;
				CLANG_WARN_DOCUMENTATION_COMMENTS = YES;
				CLANG_WARN_EMPTY_BODY = YES;
				CLANG_WARN_ENUM_CONVERSION = YES;
				CLANG_WARN_INFINITE_RECURSION = YES;
				CLANG_WARN_INT_CONVERSION = YES;
				CLANG_WARN_NON_LITERAL_NULL_CONVERSION = YES;
				CLANG_WARN_OBJC_IMPLICIT_RETAIN_SELF = YES;
				CLANG_WARN_OBJC_LITERAL_CONVERSION = YES;
				CLANG_WARN_OBJC_ROOT_CLASS = YES_ERROR;
				CLANG_WARN_QUOTED_INCLUDE_IN_FRAMEWORK_HEADER = YES;
				CLANG_WARN_RANGE_LOOP_ANALYSIS = YES;
				CLANG_WARN_STRICT_PROTOTYPES = YES;
				CLANG_WARN_SUSPICIOUS_MOVE = YES;
				CLANG_WARN_UNGUARDED_AVAILABILITY = YES_AGGRESSIVE;
				CLANG_WARN_UNREACHABLE_CODE = YES;
				CLANG_WARN__DUPLICATE_METHOD_MATCH = YES;
				COPY_PHASE_STRIP = NO;
				DEBUG_INFORMATION_FORMAT = "dwarf-with-dsym";
				ENABLE_NS_ASSERTIONS = NO;
				ENABLE_STRICT_OBJC_MSGSEND = YES;
				ENABLE_USER_SCRIPT_SANDBOXING = YES;
				GCC_C_LANGUAGE_STANDARD = gnu17;
				GCC_NO_COMMON_BLOCKS = YES;
				GCC_WARN_64_TO_32_BIT_CONVERSION = YES;
				GCC_WARN_ABOUT_RETURN_TYPE = YES_ERROR;
				GCC_WARN_UNDECLARED_SELECTOR = YES;
				GCC_WARN_UNINITIALIZED_AUTOS = YES_AGGRESSIVE;
				GCC_WARN_UNUSED_FUNCTION = YES;
				GCC_WARN_UNUSED_VARIABLE = YES;
				IPHONEOS_DEPLOYMENT_TARGET = 17.0;
				LOCALIZATION_PREFERS_STRING_CATALOGS = YES;
				MTL_ENABLE_DEBUG_INFO = NO;
				MTL_FAST_MATH = YES;
				SDKROOT = iphoneos;
				SWIFT_COMPILATION_MODE = wholemodule;
				VALIDATE_PRODUCT = YES;
			};
			name = Release;
		};
		F49390292CF0FFD700D963EB /* Debug */ = {
			isa = XCBuildConfiguration;
			buildSettings = {
				ASSETCATALOG_COMPILER_APPICON_NAME = AppIcon;
				ASSETCATALOG_COMPILER_GLOBAL_ACCENT_COLOR_NAME = AccentColor;
				CODE_SIGN_STYLE = Automatic;
				CURRENT_PROJECT_VERSION = 1;
				GENERATE_INFOPLIST_FILE = YES;
				INFOPLIST_FILE = HeartGauge/Info.plist;
				INFOPLIST_KEY_UIApplicationSupportsIndirectInputEvents = YES;
				INFOPLIST_KEY_UILaunchStoryboardName = LaunchScreen;
				INFOPLIST_KEY_UIMainStoryboardFile = Main;
				INFOPLIST_KEY_UISupportedInterfaceOrientations_iPad = "UIInterfaceOrientationPortrait UIInterfaceOrientationPortraitUpsideDown UIInterfaceOrientationLandscapeLeft UIInterfaceOrientationLandscapeRight";
				INFOPLIST_KEY_UISupportedInterfaceOrientations_iPhone = "UIInterfaceOrientationPortrait UIInterfaceOrientationLandscapeLeft UIInterfaceOrientationLandscapeRight";
				LD_RUNPATH_SEARCH_PATHS = (
					"$(inherited)",
					"@executable_path/Frameworks",
				);
				MARKETING_VERSION = 1.0;
				PRODUCT_BUNDLE_IDENTIFIER = com.Kenny.HeartGauge;
				PRODUCT_NAME = "$(TARGET_NAME)";
				SWIFT_EMIT_LOC_STRINGS = YES;
				SWIFT_VERSION = 5.0;
				TARGETED_DEVICE_FAMILY = "1,2";
			};
			name = Debug;
		};
		F493902A2CF0FFD700D963EB /* Release */ = {
			isa = XCBuildConfiguration;
			buildSettings = {
				ASSETCATALOG_COMPILER_APPICON_NAME = AppIcon;
				ASSETCATALOG_COMPILER_GLOBAL_ACCENT_COLOR_NAME = AccentColor;
				CODE_SIGN_STYLE = Automatic;
				CURRENT_PROJECT_VERSION = 1;
				GENERATE_INFOPLIST_FILE = YES;
				INFOPLIST_FILE = HeartGauge/Info.plist;
				INFOPLIST_KEY_UIApplicationSupportsIndirectInputEvents = YES;
				INFOPLIST_KEY_UILaunchStoryboardName = LaunchScreen;
				INFOPLIST_KEY_UIMainStoryboardFile = Main;
				INFOPLIST_KEY_UISupportedInterfaceOrientations_iPad = "UIInterfaceOrientationPortrait UIInterfaceOrientationPortraitUpsideDown UIInterfaceOrientationLandscapeLeft UIInterfaceOrientationLandscapeRight";
				INFOPLIST_KEY_UISupportedInterfaceOrientations_iPhone = "UIInterfaceOrientationPortrait UIInterfaceOrientationLandscapeLeft UIInterfaceOrientationLandscapeRight";
				LD_RUNPATH_SEARCH_PATHS = (
					"$(inherited)",
					"@executable_path/Frameworks",
				);
				MARKETING_VERSION = 1.0;
				PRODUCT_BUNDLE_IDENTIFIER = com.Kenny.HeartGauge;
				PRODUCT_NAME = "$(TARGET_NAME)";
				SWIFT_EMIT_LOC_STRINGS = YES;
				SWIFT_VERSION = 5.0;
				TARGETED_DEVICE_FAMILY = "1,2";
			};
			name = Release;
		};
/* End XCBuildConfiguration section */

/* Begin XCConfigurationList section */
		F493900F2CF0FFD300D963EB /* Build configuration list for PBXProject "HeartGauge" */ = {
			isa = XCConfigurationList;
			buildConfigurations = (
				F49390262CF0FFD700D963EB /* Debug */,
				F49390272CF0FFD700D963EB /* Release */,
			);
			defaultConfigurationIsVisible = 0;
			defaultConfigurationName = Release;
		};
		F49390282CF0FFD700D963EB /* Build configuration list for PBXNativeTarget "HeartGauge" */ = {
			isa = XCConfigurationList;
			buildConfigurations = (
				F49390292CF0FFD700D963EB /* Debug */,
				F493902A2CF0FFD700D963EB /* Release */,
			);
			defaultConfigurationIsVisible = 0;
			defaultConfigurationName = Release;
		};
/* End XCConfigurationList section */

/* Begin XCRemoteSwiftPackageReference section */
		F4574F8F2D0BD5BA007F010F /* XCRemoteSwiftPackageReference "firebase-ios-sdk" */ = {
			isa = XCRemoteSwiftPackageReference;
			repositoryURL = "https://github.com/firebase/firebase-ios-sdk.git";
			requirement = {
				kind = upToNextMajorVersion;
				minimumVersion = 11.6.0;
			};
		};
/* End XCRemoteSwiftPackageReference section */

/* Begin XCSwiftPackageProductDependency section */
		F4574F902D0BD5BA007F010F /* FirebaseAnalytics */ = {
			isa = XCSwiftPackageProductDependency;
			package = F4574F8F2D0BD5BA007F010F /* XCRemoteSwiftPackageReference "firebase-ios-sdk" */;
			productName = FirebaseAnalytics;
		};
		F4574F922D0BD5BA007F010F /* FirebaseAnalyticsOnDeviceConversion */ = {
			isa = XCSwiftPackageProductDependency;
			package = F4574F8F2D0BD5BA007F010F /* XCRemoteSwiftPackageReference "firebase-ios-sdk" */;
			productName = FirebaseAnalyticsOnDeviceConversion;
		};
		F4574F942D0BD5BA007F010F /* FirebaseAnalyticsWithoutAdIdSupport */ = {
			isa = XCSwiftPackageProductDependency;
			package = F4574F8F2D0BD5BA007F010F /* XCRemoteSwiftPackageReference "firebase-ios-sdk" */;
			productName = FirebaseAnalyticsWithoutAdIdSupport;
		};
		F4574F962D0BD5BA007F010F /* FirebaseAppCheck */ = {
			isa = XCSwiftPackageProductDependency;
			package = F4574F8F2D0BD5BA007F010F /* XCRemoteSwiftPackageReference "firebase-ios-sdk" */;
			productName = FirebaseAppCheck;
		};
		F4574F982D0BD5BA007F010F /* FirebaseAppDistribution-Beta */ = {
			isa = XCSwiftPackageProductDependency;
			package = F4574F8F2D0BD5BA007F010F /* XCRemoteSwiftPackageReference "firebase-ios-sdk" */;
			productName = "FirebaseAppDistribution-Beta";
		};
/* End XCSwiftPackageProductDependency section */
	};
	rootObject = F493900C2CF0FFD300D963EB /* Project object */;
}
